
Microsoft Visual Studio Solution File, Format Version 12.00
# Visual Studio Version 17
VisualStudioVersion = 17.10.34902.84
MinimumVisualStudioVersion = 10.0.40219.1
Project("{FAE04EC0-301F-11D3-BF4B-00C04F79EFBC}") = "ProductManagement2", "ProductManagement2.csproj", "{B33FDD90-4CE1-4C34-8444-28D61E0E33F8}"
EndProject
Global
	GlobalSection(SolutionConfigurationPlatforms) = preSolution
		Debug|Any CPU = Debug|Any CPU
		Release|Any CPU = Release|Any CPU
	EndGlobalSection
	GlobalSection(ProjectConfigurationPlatforms) = postSolution
		{B33FDD90-4CE1-4C34-8444-28D61E0E33F8}.Debug|Any CPU.ActiveCfg = Debug|Any CPU
		{B33FDD90-4CE1-4C34-8444-28D61E0E33F8}.Debug|Any CPU.Build.0 = Debug|Any CPU
		{B33FDD90-4CE1-4C34-8444-28D61E0E33F8}.Release|Any CPU.ActiveCfg = Release|Any CPU
		{B33FDD90-4CE1-4C34-8444-28D61E0E33F8}.Release|Any CPU.Build.0 = Release|Any CPU
	EndGlobalSection
	GlobalSection(SolutionProperties) = preSolution
		HideSolutionNode = FALSE
	EndGlobalSection
	GlobalSection(ExtensibilityGlobals) = postSolution
		SolutionGuid = {C5346FCA-3897-4F1F-B1E8-741C3D81C029}
	EndGlobalSection
EndGlobal
